
Microsoft Visual Studio Solution File, Format Version 12.00
# Visual Studio 15
VisualStudioVersion = 15.0.28307.329
MinimumVisualStudioVersion = 10.0.40219.1
Project("{FAE04EC0-301F-11D3-BF4B-00C04F79EFBC}") = "Task1", "Task1\Task1.csproj", "{F7E98308-FDD9-48D3-BA83-041DA88AF788}"
EndProject
Project("{FAE04EC0-301F-11D3-BF4B-00C04F79EFBC}") = "Task3", "Task3\Task3.csproj", "{1135660E-BC9D-41AD-9D8E-7505B378E100}"
EndProject
Global
	GlobalSection(SolutionConfigurationPlatforms) = preSolution
		Debug|Any CPU = Debug|Any CPU
		Release|Any CPU = Release|Any CPU
	EndGlobalSection
	GlobalSection(ProjectConfigurationPlatforms) = postSolution
		{F7E98308-FDD9-48D3-BA83-041DA88AF788}.Debug|Any CPU.ActiveCfg = Debug|Any CPU
		{F7E98308-FDD9-48D3-BA83-041DA88AF788}.Debug|Any CPU.Build.0 = Debug|Any CPU
		{F7E98308-FDD9-48D3-BA83-041DA88AF788}.Release|Any CPU.ActiveCfg = Release|Any CPU
		{F7E98308-FDD9-48D3-BA83-041DA88AF788}.Release|Any CPU.Build.0 = Release|Any CPU
		{1135660E-BC9D-41AD-9D8E-7505B378E100}.Debug|Any CPU.ActiveCfg = Debug|Any CPU
		{1135660E-BC9D-41AD-9D8E-7505B378E100}.Debug|Any CPU.Build.0 = Debug|Any CPU
		{1135660E-BC9D-41AD-9D8E-7505B378E100}.Release|Any CPU.ActiveCfg = Release|Any CPU
		{1135660E-BC9D-41AD-9D8E-7505B378E100}.Release|Any CPU.Build.0 = Release|Any CPU
	EndGlobalSection
	GlobalSection(SolutionProperties) = preSolution
		HideSolutionNode = FALSE
	EndGlobalSection
	GlobalSection(ExtensibilityGlobals) = postSolution
		SolutionGuid = {E79625F8-66BD-4FB8-B9ED-1AFCEC51F6FF}
	EndGlobalSection
EndGlobal
