
Microsoft Visual Studio Solution File, Format Version 12.00
# Visual Studio 15
VisualStudioVersion = 15.0.28307.329
MinimumVisualStudioVersion = 10.0.40219.1
Project("{FAE04EC0-301F-11D3-BF4B-00C04F79EFBC}") = "Task1", "Task1\Task1.csproj", "{1902DE16-5A2D-4962-A55F-9B343FB394A0}"
EndProject
Project("{FAE04EC0-301F-11D3-BF4B-00C04F79EFBC}") = "Task2", "Task2\Task2.csproj", "{EF4D297D-EB58-4E80-ACED-E28A3CE5959E}"
EndProject
Project("{FAE04EC0-301F-11D3-BF4B-00C04F79EFBC}") = "Task3", "Task3\Task3.csproj", "{35597F99-CE39-4C5B-8633-85E24F801283}"
EndProject
Project("{FAE04EC0-301F-11D3-BF4B-00C04F79EFBC}") = "Task4", "Task4\Task4.csproj", "{0C31AD84-2AD9-4E62-AFE4-12AF33CB2B06}"
EndProject
Global
	GlobalSection(SolutionConfigurationPlatforms) = preSolution
		Debug|Any CPU = Debug|Any CPU
		Release|Any CPU = Release|Any CPU
	EndGlobalSection
	GlobalSection(ProjectConfigurationPlatforms) = postSolution
		{1902DE16-5A2D-4962-A55F-9B343FB394A0}.Debug|Any CPU.ActiveCfg = Debug|Any CPU
		{1902DE16-5A2D-4962-A55F-9B343FB394A0}.Debug|Any CPU.Build.0 = Debug|Any CPU
		{1902DE16-5A2D-4962-A55F-9B343FB394A0}.Release|Any CPU.ActiveCfg = Release|Any CPU
		{1902DE16-5A2D-4962-A55F-9B343FB394A0}.Release|Any CPU.Build.0 = Release|Any CPU
		{EF4D297D-EB58-4E80-ACED-E28A3CE5959E}.Debug|Any CPU.ActiveCfg = Debug|Any CPU
		{EF4D297D-EB58-4E80-ACED-E28A3CE5959E}.Debug|Any CPU.Build.0 = Debug|Any CPU
		{EF4D297D-EB58-4E80-ACED-E28A3CE5959E}.Release|Any CPU.ActiveCfg = Release|Any CPU
		{EF4D297D-EB58-4E80-ACED-E28A3CE5959E}.Release|Any CPU.Build.0 = Release|Any CPU
		{35597F99-CE39-4C5B-8633-85E24F801283}.Debug|Any CPU.ActiveCfg = Debug|Any CPU
		{35597F99-CE39-4C5B-8633-85E24F801283}.Debug|Any CPU.Build.0 = Debug|Any CPU
		{35597F99-CE39-4C5B-8633-85E24F801283}.Release|Any CPU.ActiveCfg = Release|Any CPU
		{35597F99-CE39-4C5B-8633-85E24F801283}.Release|Any CPU.Build.0 = Release|Any CPU
		{0C31AD84-2AD9-4E62-AFE4-12AF33CB2B06}.Debug|Any CPU.ActiveCfg = Debug|Any CPU
		{0C31AD84-2AD9-4E62-AFE4-12AF33CB2B06}.Debug|Any CPU.Build.0 = Debug|Any CPU
		{0C31AD84-2AD9-4E62-AFE4-12AF33CB2B06}.Release|Any CPU.ActiveCfg = Release|Any CPU
		{0C31AD84-2AD9-4E62-AFE4-12AF33CB2B06}.Release|Any CPU.Build.0 = Release|Any CPU
	EndGlobalSection
	GlobalSection(SolutionProperties) = preSolution
		HideSolutionNode = FALSE
	EndGlobalSection
	GlobalSection(ExtensibilityGlobals) = postSolution
		SolutionGuid = {185D9AD0-83F1-4D5B-AA4F-9FEA0C1B9D12}
	EndGlobalSection
EndGlobal
