
Microsoft Visual Studio Solution File, Format Version 12.00
# Visual Studio 15
VisualStudioVersion = 15.0.28307.329
MinimumVisualStudioVersion = 10.0.40219.1
Project("{FAE04EC0-301F-11D3-BF4B-00C04F79EFBC}") = "task1", "task1\task1.csproj", "{9FBA45F0-203A-4F33-984C-E9D52E123DC1}"
EndProject
Global
	GlobalSection(SolutionConfigurationPlatforms) = preSolution
		Debug|Any CPU = Debug|Any CPU
		Release|Any CPU = Release|Any CPU
	EndGlobalSection
	GlobalSection(ProjectConfigurationPlatforms) = postSolution
		{9FBA45F0-203A-4F33-984C-E9D52E123DC1}.Debug|Any CPU.ActiveCfg = Debug|Any CPU
		{9FBA45F0-203A-4F33-984C-E9D52E123DC1}.Debug|Any CPU.Build.0 = Debug|Any CPU
		{9FBA45F0-203A-4F33-984C-E9D52E123DC1}.Release|Any CPU.ActiveCfg = Release|Any CPU
		{9FBA45F0-203A-4F33-984C-E9D52E123DC1}.Release|Any CPU.Build.0 = Release|Any CPU
	EndGlobalSection
	GlobalSection(SolutionProperties) = preSolution
		HideSolutionNode = FALSE
	EndGlobalSection
	GlobalSection(ExtensibilityGlobals) = postSolution
		SolutionGuid = {75D88CB6-09A5-4FB6-890E-3C0614C1DEC3}
	EndGlobalSection
EndGlobal
